
Microsoft Visual Studio Solution File, Format Version 12.00
# Visual Studio 2013
VisualStudioVersion = 12.0.21005.1
MinimumVisualStudioVersion = 10.0.40219.1
Project("{FAE04EC0-301F-11D3-BF4B-00C04F79EFBC}") = "QuanLyNhaTroHuyThinh1096", "QuanLyNhaTroHuyThinh1096\QuanLyNhaTroHuyThinh1096.csproj", "{70B9D136-4840-469D-8076-4B60A850D852}"
EndProject
Project("{FAE04EC0-301F-11D3-BF4B-00C04F79EFBC}") = "BUS", "BUS\BUS.csproj", "{1988BD92-B33C-4D23-AA10-0343D0C1612D}"
EndProject
Project("{FAE04EC0-301F-11D3-BF4B-00C04F79EFBC}") = "DAL", "DAL\DAL.csproj", "{A7106518-66A7-473F-A709-BCD13D982892}"
EndProject
Global
	GlobalSection(SolutionConfigurationPlatforms) = preSolution
		Debug|Any CPU = Debug|Any CPU
		Release|Any CPU = Release|Any CPU
	EndGlobalSection
	GlobalSection(ProjectConfigurationPlatforms) = postSolution
		{70B9D136-4840-469D-8076-4B60A850D852}.Debug|Any CPU.ActiveCfg = Debug|Any CPU
		{70B9D136-4840-469D-8076-4B60A850D852}.Debug|Any CPU.Build.0 = Debug|Any CPU
		{70B9D136-4840-469D-8076-4B60A850D852}.Release|Any CPU.ActiveCfg = Release|Any CPU
		{70B9D136-4840-469D-8076-4B60A850D852}.Release|Any CPU.Build.0 = Release|Any CPU
		{1988BD92-B33C-4D23-AA10-0343D0C1612D}.Debug|Any CPU.ActiveCfg = Debug|Any CPU
		{1988BD92-B33C-4D23-AA10-0343D0C1612D}.Debug|Any CPU.Build.0 = Debug|Any CPU
		{1988BD92-B33C-4D23-AA10-0343D0C1612D}.Release|Any CPU.ActiveCfg = Release|Any CPU
		{1988BD92-B33C-4D23-AA10-0343D0C1612D}.Release|Any CPU.Build.0 = Release|Any CPU
		{A7106518-66A7-473F-A709-BCD13D982892}.Debug|Any CPU.ActiveCfg = Debug|Any CPU
		{A7106518-66A7-473F-A709-BCD13D982892}.Debug|Any CPU.Build.0 = Debug|Any CPU
		{A7106518-66A7-473F-A709-BCD13D982892}.Release|Any CPU.ActiveCfg = Release|Any CPU
		{A7106518-66A7-473F-A709-BCD13D982892}.Release|Any CPU.Build.0 = Release|Any CPU
	EndGlobalSection
	GlobalSection(SolutionProperties) = preSolution
		HideSolutionNode = FALSE
	EndGlobalSection
EndGlobal
